
Microsoft Visual Studio Solution File, Format Version 12.00
# Visual Studio 14
VisualStudioVersion = 14.0.25420.1
MinimumVisualStudioVersion = 10.0.40219.1
Project("{A07B5EB6-E848-4116-A8D0-A826331D98C6}") = "SimpleStoreApplication", "SimpleStoreApplication\SimpleStoreApplication.sfproj", "{E0DDEF4A-1A4E-4873-AFAE-6AADFF0B30E4}"
EndProject
Project("{FAE04EC0-301F-11D3-BF4B-00C04F79EFBC}") = "SimpleStoreService", "SimpleStoreService\SimpleStoreService.csproj", "{861C78BA-1A55-4932-BA02-5178252E9604}"
EndProject
Project("{FAE04EC0-301F-11D3-BF4B-00C04F79EFBC}") = "SimpleStoreCommon", "SimpleStoreCommon\SimpleStoreCommon.csproj", "{9FA9B616-4495-4215-8271-4DDF50C906A8}"
EndProject
Project("{FAE04EC0-301F-11D3-BF4B-00C04F79EFBC}") = "SimpleStoreClient", "SimpleStoreClient\SimpleStoreClient.csproj", "{D23D17A1-6F2B-4F3E-AABD-3323AF6B03B4}"
EndProject
Global
	GlobalSection(SolutionConfigurationPlatforms) = preSolution
		Debug|Any CPU = Debug|Any CPU
		Debug|x64 = Debug|x64
		Release|Any CPU = Release|Any CPU
		Release|x64 = Release|x64
	EndGlobalSection
	GlobalSection(ProjectConfigurationPlatforms) = postSolution
		{E0DDEF4A-1A4E-4873-AFAE-6AADFF0B30E4}.Debug|Any CPU.ActiveCfg = Debug|x64
		{E0DDEF4A-1A4E-4873-AFAE-6AADFF0B30E4}.Debug|x64.ActiveCfg = Debug|x64
		{E0DDEF4A-1A4E-4873-AFAE-6AADFF0B30E4}.Debug|x64.Build.0 = Debug|x64
		{E0DDEF4A-1A4E-4873-AFAE-6AADFF0B30E4}.Debug|x64.Deploy.0 = Debug|x64
		{E0DDEF4A-1A4E-4873-AFAE-6AADFF0B30E4}.Release|Any CPU.ActiveCfg = Release|x64
		{E0DDEF4A-1A4E-4873-AFAE-6AADFF0B30E4}.Release|x64.ActiveCfg = Release|x64
		{E0DDEF4A-1A4E-4873-AFAE-6AADFF0B30E4}.Release|x64.Build.0 = Release|x64
		{E0DDEF4A-1A4E-4873-AFAE-6AADFF0B30E4}.Release|x64.Deploy.0 = Release|x64
		{861C78BA-1A55-4932-BA02-5178252E9604}.Debug|Any CPU.ActiveCfg = Debug|x64
		{861C78BA-1A55-4932-BA02-5178252E9604}.Debug|x64.ActiveCfg = Debug|x64
		{861C78BA-1A55-4932-BA02-5178252E9604}.Debug|x64.Build.0 = Debug|x64
		{861C78BA-1A55-4932-BA02-5178252E9604}.Release|Any CPU.ActiveCfg = Release|x64
		{861C78BA-1A55-4932-BA02-5178252E9604}.Release|x64.ActiveCfg = Release|x64
		{861C78BA-1A55-4932-BA02-5178252E9604}.Release|x64.Build.0 = Release|x64
		{9FA9B616-4495-4215-8271-4DDF50C906A8}.Debug|Any CPU.ActiveCfg = Debug|Any CPU
		{9FA9B616-4495-4215-8271-4DDF50C906A8}.Debug|Any CPU.Build.0 = Debug|Any CPU
		{9FA9B616-4495-4215-8271-4DDF50C906A8}.Debug|x64.ActiveCfg = Debug|Any CPU
		{9FA9B616-4495-4215-8271-4DDF50C906A8}.Debug|x64.Build.0 = Debug|Any CPU
		{9FA9B616-4495-4215-8271-4DDF50C906A8}.Release|Any CPU.ActiveCfg = Release|Any CPU
		{9FA9B616-4495-4215-8271-4DDF50C906A8}.Release|Any CPU.Build.0 = Release|Any CPU
		{9FA9B616-4495-4215-8271-4DDF50C906A8}.Release|x64.ActiveCfg = Release|Any CPU
		{9FA9B616-4495-4215-8271-4DDF50C906A8}.Release|x64.Build.0 = Release|Any CPU
		{D23D17A1-6F2B-4F3E-AABD-3323AF6B03B4}.Debug|Any CPU.ActiveCfg = Debug|Any CPU
		{D23D17A1-6F2B-4F3E-AABD-3323AF6B03B4}.Debug|Any CPU.Build.0 = Debug|Any CPU
		{D23D17A1-6F2B-4F3E-AABD-3323AF6B03B4}.Debug|x64.ActiveCfg = Debug|Any CPU
		{D23D17A1-6F2B-4F3E-AABD-3323AF6B03B4}.Debug|x64.Build.0 = Debug|Any CPU
		{D23D17A1-6F2B-4F3E-AABD-3323AF6B03B4}.Release|Any CPU.ActiveCfg = Release|Any CPU
		{D23D17A1-6F2B-4F3E-AABD-3323AF6B03B4}.Release|Any CPU.Build.0 = Release|Any CPU
		{D23D17A1-6F2B-4F3E-AABD-3323AF6B03B4}.Release|x64.ActiveCfg = Release|Any CPU
		{D23D17A1-6F2B-4F3E-AABD-3323AF6B03B4}.Release|x64.Build.0 = Release|Any CPU
	EndGlobalSection
	GlobalSection(SolutionProperties) = preSolution
		HideSolutionNode = FALSE
	EndGlobalSection
EndGlobal
