
Microsoft Visual Studio Solution File, Format Version 12.00
# Visual Studio 14
VisualStudioVersion = 14.0.25420.1
MinimumVisualStudioVersion = 10.0.40219.1
Project("{A07B5EB6-E848-4116-A8D0-A826331D98C6}") = "SignalRStatelessFabric", "SignalRStatelessFabric\SignalRStatelessFabric.sfproj", "{A57197B5-4582-417A-B16B-40752F687C37}"
EndProject
Project("{FAE04EC0-301F-11D3-BF4B-00C04F79EFBC}") = "SignalRStatelessService", "SignalRStatelessService\SignalRStatelessService.csproj", "{268833FF-FA8E-46B2-A39A-1C79402F5922}"
EndProject
Global
	GlobalSection(SolutionConfigurationPlatforms) = preSolution
		Debug|x64 = Debug|x64
		Release|x64 = Release|x64
	EndGlobalSection
	GlobalSection(ProjectConfigurationPlatforms) = postSolution
		{A57197B5-4582-417A-B16B-40752F687C37}.Debug|x64.ActiveCfg = Debug|x64
		{A57197B5-4582-417A-B16B-40752F687C37}.Debug|x64.Build.0 = Debug|x64
		{A57197B5-4582-417A-B16B-40752F687C37}.Debug|x64.Deploy.0 = Debug|x64
		{A57197B5-4582-417A-B16B-40752F687C37}.Release|x64.ActiveCfg = Release|x64
		{A57197B5-4582-417A-B16B-40752F687C37}.Release|x64.Build.0 = Release|x64
		{A57197B5-4582-417A-B16B-40752F687C37}.Release|x64.Deploy.0 = Release|x64
		{268833FF-FA8E-46B2-A39A-1C79402F5922}.Debug|x64.ActiveCfg = Debug|x64
		{268833FF-FA8E-46B2-A39A-1C79402F5922}.Debug|x64.Build.0 = Debug|x64
		{268833FF-FA8E-46B2-A39A-1C79402F5922}.Release|x64.ActiveCfg = Release|x64
		{268833FF-FA8E-46B2-A39A-1C79402F5922}.Release|x64.Build.0 = Release|x64
	EndGlobalSection
	GlobalSection(SolutionProperties) = preSolution
		HideSolutionNode = FALSE
	EndGlobalSection
EndGlobal
